
Microsoft Visual Studio Solution File, Format Version 12.00
# Visual Studio Version 17
VisualStudioVersion = 17.10.34928.147
MinimumVisualStudioVersion = 10.0.40219.1
Project("{FAE04EC0-301F-11D3-BF4B-00C04F79EFBC}") = "Threads", "Threads\Threads.csproj", "{FD294C46-BE92-491C-A681-52673809D259}"
EndProject
Global
	GlobalSection(SolutionConfigurationPlatforms) = preSolution
		Debug|Any CPU = Debug|Any CPU
		Release|Any CPU = Release|Any CPU
	EndGlobalSection
	GlobalSection(ProjectConfigurationPlatforms) = postSolution
		{FD294C46-BE92-491C-A681-52673809D259}.Debug|Any CPU.ActiveCfg = Debug|Any CPU
		{FD294C46-BE92-491C-A681-52673809D259}.Debug|Any CPU.Build.0 = Debug|Any CPU
		{FD294C46-BE92-491C-A681-52673809D259}.Release|Any CPU.ActiveCfg = Release|Any CPU
		{FD294C46-BE92-491C-A681-52673809D259}.Release|Any CPU.Build.0 = Release|Any CPU
	EndGlobalSection
	GlobalSection(SolutionProperties) = preSolution
		HideSolutionNode = FALSE
	EndGlobalSection
	GlobalSection(ExtensibilityGlobals) = postSolution
		SolutionGuid = {F07565AE-8C84-41C7-8B42-230C577B5ECA}
	EndGlobalSection
EndGlobal
